version: 2.0
shards:
  action-controller:
    github: spider-gazelle/action-controller
    version: 3.3.0

  bindata:
    github: spider-gazelle/bindata
    version: 1.5.5

  db:
    git: https://github.com/crystal-lang/crystal-db.git
    version: 0.9.0

  discordcr:
    git: https://github.com/discordcr/discordcr.git
    version: 0.4.0+git.commit.619e08d31fd10918f2554f7623e2066ac308c439

  dotenv:
    git: https://github.com/gdotdesign/cr-dotenv.git
    version: 0.7.0

  future:
    github: crystal-community/future.cr
    version: 0.1.0

  habitat:
    github: luckyframework/habitat
    version: 0.4.4

  humanize_time:
    git: https://github.com/mamantoha/humanize_time.git
    version: 0.6.0

  i18n:
    git: https://github.com/TechMagister/i18n.cr.git
    version: 0.3.1

  i18n_plural_rules:
    git: https://github.com/mamantoha/i18n_plural_rules.git
    version: 0.1.1

  json_mapping:
    github: crystal-lang/json_mapping.cr
    version: 0.1.0

  jwt:
    github: crystal-community/jwt
    version: 1.4.2

  kilt:
    github: jeromegn/kilt
    version: 0.6.0

  lucky_router:
    github: luckyframework/lucky_router
    version: 0.3.0

  openssl_ext:
    github: stakach/openssl_ext
    version: 1.2.2

  sqlite3:
    git: https://github.com/crystal-lang/crystal-sqlite3.git
    version: 0.16.0

