version: 1.0
shards:
  bindata:
    github: spider-gazelle/bindata
    version: 1.5.2

  db:
    github: crystal-lang/crystal-db
    version: 0.9.0

  discordcr:
    github: discordcr/discordcr
    commit: 619e08d31fd10918f2554f7623e2066ac308c439

  dotenv:
    github: gdotdesign/cr-dotenv
    version: 0.7.0

  exception_page:
    github: crystal-loot/exception_page
    version: 0.1.4

  humanize_time:
    github: mamantoha/humanize_time
    version: 0.6.0

  i18n:
    github: TechMagister/i18n.cr
    version: 0.3.1

  i18n_plural_rules:
    github: mamantoha/i18n_plural_rules
    version: 0.1.1

  jwt:
    github: crystal-community/jwt
    version: 1.4.1

  kemal:
    github: kemalcr/kemal
    version: 0.26.1

  kilt:
    github: jeromegn/kilt
    version: 0.4.0

  openssl_ext:
    github: stakach/openssl_ext
    version: 1.2.0

  radix:
    github: luislavena/radix
    version: 0.3.9

  sqlite3:
    github: crystal-lang/crystal-sqlite3
    version: 0.16.0

