version: 2.0
shards:
  bindata:
    git: https://github.com/spider-gazelle/bindata.git
    version: 1.5.5

  db:
    git: https://github.com/crystal-lang/crystal-db.git
    version: 0.9.0

  discordcr:
    git: https://github.com/discordcr/discordcr.git
    version: 0.4.0+git.commit.619e08d31fd10918f2554f7623e2066ac308c439

  dotenv:
    git: https://github.com/gdotdesign/cr-dotenv.git
    version: 0.7.0

  exception_page:
    git: https://github.com/crystal-loot/exception_page.git
    version: 0.1.4

  humanize_time:
    git: https://github.com/mamantoha/humanize_time.git
    version: 0.6.0

  i18n:
    git: https://github.com/TechMagister/i18n.cr.git
    version: 0.3.1

  i18n_plural_rules:
    git: https://github.com/mamantoha/i18n_plural_rules.git
    version: 0.1.1

  json_mapping:
    git: https://github.com/crystal-lang/json_mapping.cr.git
    version: 0.1.0

  jwt:
    git: https://github.com/crystal-community/jwt.git
    version: 1.4.2

  kemal:
    git: https://github.com/kemalcr/kemal.git
    version: 0.27.0+git.commit.bf9f627ac789d2ebe573629904f02beb9e4089d5

  kilt:
    git: https://github.com/jeromegn/kilt.git
    version: 0.4.0

  openssl_ext:
    git: https://github.com/stakach/openssl_ext.git
    version: 1.2.2

  radix:
    git: https://github.com/luislavena/radix.git
    version: 0.3.9

  sqlite3:
    git: https://github.com/crystal-lang/crystal-sqlite3.git
    version: 0.16.0

